Microsoft Visual Studio Solution File, Format Version 12.00
# Visual Studio Version 17
VisualStudioVersion = 17.0.32112.339
MinimumVisualStudioVersion = 10.0.40219.1
Project("{9A19103F-16F7-4668-BE54-9A1E7A4F7556}") = "SofiForce", "SofiForce\SofiForce.csproj", "{75E58BB9-3DB2-4407-92DC-C931EC8A2E6B}"
EndProject
Project("{9A19103F-16F7-4668-BE54-9A1E7A4F7556}") = "SofiForce.Web", "SofiForce.Web\SofiForce.Web.csproj", "{764357B1-3C86-4E1D-BCD6-843FFC1217BA}"
EndProject
Project("{2150E333-8FDC-42A3-9474-1A3956D46DE8}") = "Solution Items", "Solution Items", "{5F174137-E04B-43B5-BFD5-9C36B201F506}"
	ProjectSection(SolutionItems) = preProject
		.editorconfig = .editorconfig
	EndProjectSection
EndProject
Project("{9A19103F-16F7-4668-BE54-9A1E7A4F7556}") = "SofiForce.Models", "SofiForce.Models\SofiForce.Models.csproj", "{13762A81-07C4-43B1-B9A3-4417FC63933D}"
EndProject
Project("{2150E333-8FDC-42A3-9474-1A3956D46DE8}") = "Services", "Services", "{FB1D801B-5254-46DA-BBAE-6D6E3E1D4369}"
EndProject
Project("{9A19103F-16F7-4668-BE54-9A1E7A4F7556}") = "SofiForce.Worker1", "SofiForce.Worker\SofiForce.Worker1.csproj", "{0DD457B0-8A1B-4E43-BE24-3AA51CD88E7A}"
EndProject
Project("{9A19103F-16F7-4668-BE54-9A1E7A4F7556}") = "SofiForce.Invoice", "SofiForce.Invoice\SofiForce.Invoice.csproj", "{C7FD33C9-3FA3-40A6-A89E-38690CF58DD0}"
EndProject
Project("{9A19103F-16F7-4668-BE54-9A1E7A4F7556}") = "SofiForce.Warehouse", "SofiForce.Warehouse\SofiForce.Warehouse.csproj", "{AB3BD7C9-1303-4372-AA4C-C8308777CD4B}"
EndProject
Project("{9A19103F-16F7-4668-BE54-9A1E7A4F7556}") = "SofiForce.Quota", "SofiForce.Quota\SofiForce.Quota.csproj", "{F8D5A1E4-9901-41BA-813C-DC5189C2C9C0}"
EndProject
Project("{9A19103F-16F7-4668-BE54-9A1E7A4F7556}") = "SofiForce.Offers", "SofiForce.Offers\SofiForce.Offers.csproj", "{9B294E68-DB79-4B77-A439-7329D3927C7B}"
EndProject
Project("{9A19103F-16F7-4668-BE54-9A1E7A4F7556}") = "SofiForce.Setups", "SofiForce.Setups\SofiForce.Setups.csproj", "{B9293C2B-F31A-49E5-8F0D-C946C667BED2}"
EndProject
Project("{9A19103F-16F7-4668-BE54-9A1E7A4F7556}") = "SofiForce.Manual", "SofiForce.Manual\SofiForce.Manual.csproj", "{EE6D8377-5CAB-449D-AA92-0D4862DCA243}"
EndProject
Project("{9A19103F-16F7-4668-BE54-9A1E7A4F7556}") = "SofiForce.Missing", "SofiForce.Missing\SofiForce.Missing.csproj", "{470C10F9-99F8-4FE1-AD61-15DE61218B87}"
EndProject
Project("{9A19103F-16F7-4668-BE54-9A1E7A4F7556}") = "SofiForce.Worker2", "SofiForce.Worker2\SofiForce.Worker2.csproj", "{91CBCA04-01DE-4799-9D7A-2CA258929E4C}"
EndProject
Project("{9A19103F-16F7-4668-BE54-9A1E7A4F7556}") = "SofiForce.Worker3", "SofiForce.Worker3\SofiForce.Worker3.csproj", "{861F9668-39D8-4FF8-8C44-98B82CBE0E68}"
EndProject
Project("{9A19103F-16F7-4668-BE54-9A1E7A4F7556}") = "SofiForce.Worker4", "SofiForce.Worker4\SofiForce.Worker4.csproj", "{AF6E1A4C-B1C0-4143-9483-AFB0871DB4D4}"
EndProject
Project("{9A19103F-16F7-4668-BE54-9A1E7A4F7556}") = "SofiForce.Worker5", "SofiForce.Worker5\SofiForce.Worker5.csproj", "{B49C4CF3-7F69-431E-A660-00E661E6692B}"
EndProject
Project("{9A19103F-16F7-4668-BE54-9A1E7A4F7556}") = "SofiForce.Worker.Shared", "SofiForce.Worker.Shared\SofiForce.Worker.Shared.csproj", "{8499935D-429F-4C61-9883-3BBD882689DA}"
EndProject
Project("{9A19103F-16F7-4668-BE54-9A1E7A4F7556}") = "SofiForce.Sync", "SofiForce.Sync\SofiForce.Sync.csproj", "{26DCB56A-A4FE-464A-BEF8-DDB5176C70B2}"
EndProject
Project("{9A19103F-16F7-4668-BE54-9A1E7A4F7556}") = "SofiForce.Dispatch", "SofiForce.Dispatch\SofiForce.Dispatch.csproj", "{BBDF1E9E-02A5-4107-AAB3-169E7D97C6D8}"
EndProject
Project("{FAE04EC0-301F-11D3-BF4B-00C04F79EFBC}") = "SofiForce.Hangfire.Server", "SofiForce.Hangfire.Server\SofiForce.Hangfire.Server.csproj", "{85E1DCB7-50D5-4F07-9B53-551D5C9807C0}"
EndProject
Global
	GlobalSection(SolutionConfigurationPlatforms) = preSolution
		Debug|Any CPU = Debug|Any CPU
		Release|Any CPU = Release|Any CPU
	EndGlobalSection
	GlobalSection(ProjectConfigurationPlatforms) = postSolution
		{75E58BB9-3DB2-4407-92DC-C931EC8A2E6B}.Debug|Any CPU.ActiveCfg = Debug|Any CPU
		{75E58BB9-3DB2-4407-92DC-C931EC8A2E6B}.Debug|Any CPU.Build.0 = Debug|Any CPU
		{75E58BB9-3DB2-4407-92DC-C931EC8A2E6B}.Release|Any CPU.ActiveCfg = Release|Any CPU
		{75E58BB9-3DB2-4407-92DC-C931EC8A2E6B}.Release|Any CPU.Build.0 = Release|Any CPU
		{764357B1-3C86-4E1D-BCD6-843FFC1217BA}.Debug|Any CPU.ActiveCfg = Debug|Any CPU
		{764357B1-3C86-4E1D-BCD6-843FFC1217BA}.Debug|Any CPU.Build.0 = Debug|Any CPU
		{764357B1-3C86-4E1D-BCD6-843FFC1217BA}.Release|Any CPU.ActiveCfg = Release|Any CPU
		{764357B1-3C86-4E1D-BCD6-843FFC1217BA}.Release|Any CPU.Build.0 = Release|Any CPU
		{13762A81-07C4-43B1-B9A3-4417FC63933D}.Debug|Any CPU.ActiveCfg = Debug|Any CPU
		{13762A81-07C4-43B1-B9A3-4417FC63933D}.Debug|Any CPU.Build.0 = Debug|Any CPU
		{13762A81-07C4-43B1-B9A3-4417FC63933D}.Release|Any CPU.ActiveCfg = Release|Any CPU
		{13762A81-07C4-43B1-B9A3-4417FC63933D}.Release|Any CPU.Build.0 = Release|Any CPU
		{0DD457B0-8A1B-4E43-BE24-3AA51CD88E7A}.Debug|Any CPU.ActiveCfg = Debug|Any CPU
		{0DD457B0-8A1B-4E43-BE24-3AA51CD88E7A}.Debug|Any CPU.Build.0 = Debug|Any CPU
		{0DD457B0-8A1B-4E43-BE24-3AA51CD88E7A}.Release|Any CPU.ActiveCfg = Release|Any CPU
		{0DD457B0-8A1B-4E43-BE24-3AA51CD88E7A}.Release|Any CPU.Build.0 = Release|Any CPU
		{C7FD33C9-3FA3-40A6-A89E-38690CF58DD0}.Debug|Any CPU.ActiveCfg = Debug|Any CPU
		{C7FD33C9-3FA3-40A6-A89E-38690CF58DD0}.Debug|Any CPU.Build.0 = Debug|Any CPU
		{C7FD33C9-3FA3-40A6-A89E-38690CF58DD0}.Release|Any CPU.ActiveCfg = Release|Any CPU
		{C7FD33C9-3FA3-40A6-A89E-38690CF58DD0}.Release|Any CPU.Build.0 = Release|Any CPU
		{AB3BD7C9-1303-4372-AA4C-C8308777CD4B}.Debug|Any CPU.ActiveCfg = Debug|Any CPU
		{AB3BD7C9-1303-4372-AA4C-C8308777CD4B}.Debug|Any CPU.Build.0 = Debug|Any CPU
		{AB3BD7C9-1303-4372-AA4C-C8308777CD4B}.Release|Any CPU.ActiveCfg = Release|Any CPU
		{AB3BD7C9-1303-4372-AA4C-C8308777CD4B}.Release|Any CPU.Build.0 = Release|Any CPU
		{F8D5A1E4-9901-41BA-813C-DC5189C2C9C0}.Debug|Any CPU.ActiveCfg = Debug|Any CPU
		{F8D5A1E4-9901-41BA-813C-DC5189C2C9C0}.Debug|Any CPU.Build.0 = Debug|Any CPU
		{F8D5A1E4-9901-41BA-813C-DC5189C2C9C0}.Release|Any CPU.ActiveCfg = Release|Any CPU
		{F8D5A1E4-9901-41BA-813C-DC5189C2C9C0}.Release|Any CPU.Build.0 = Release|Any CPU
		{9B294E68-DB79-4B77-A439-7329D3927C7B}.Debug|Any CPU.ActiveCfg = Debug|Any CPU
		{9B294E68-DB79-4B77-A439-7329D3927C7B}.Debug|Any CPU.Build.0 = Debug|Any CPU
		{9B294E68-DB79-4B77-A439-7329D3927C7B}.Release|Any CPU.ActiveCfg = Release|Any CPU
		{9B294E68-DB79-4B77-A439-7329D3927C7B}.Release|Any CPU.Build.0 = Release|Any CPU
		{B9293C2B-F31A-49E5-8F0D-C946C667BED2}.Debug|Any CPU.ActiveCfg = Debug|Any CPU
		{B9293C2B-F31A-49E5-8F0D-C946C667BED2}.Debug|Any CPU.Build.0 = Debug|Any CPU
		{B9293C2B-F31A-49E5-8F0D-C946C667BED2}.Release|Any CPU.ActiveCfg = Release|Any CPU
		{B9293C2B-F31A-49E5-8F0D-C946C667BED2}.Release|Any CPU.Build.0 = Release|Any CPU
		{EE6D8377-5CAB-449D-AA92-0D4862DCA243}.Debug|Any CPU.ActiveCfg = Debug|Any CPU
		{EE6D8377-5CAB-449D-AA92-0D4862DCA243}.Debug|Any CPU.Build.0 = Debug|Any CPU
		{EE6D8377-5CAB-449D-AA92-0D4862DCA243}.Release|Any CPU.ActiveCfg = Release|Any CPU
		{EE6D8377-5CAB-449D-AA92-0D4862DCA243}.Release|Any CPU.Build.0 = Release|Any CPU
		{470C10F9-99F8-4FE1-AD61-15DE61218B87}.Debug|Any CPU.ActiveCfg = Debug|Any CPU
		{470C10F9-99F8-4FE1-AD61-15DE61218B87}.Debug|Any CPU.Build.0 = Debug|Any CPU
		{470C10F9-99F8-4FE1-AD61-15DE61218B87}.Release|Any CPU.ActiveCfg = Release|Any CPU
		{470C10F9-99F8-4FE1-AD61-15DE61218B87}.Release|Any CPU.Build.0 = Release|Any CPU
		{91CBCA04-01DE-4799-9D7A-2CA258929E4C}.Debug|Any CPU.ActiveCfg = Debug|Any CPU
		{91CBCA04-01DE-4799-9D7A-2CA258929E4C}.Debug|Any CPU.Build.0 = Debug|Any CPU
		{91CBCA04-01DE-4799-9D7A-2CA258929E4C}.Release|Any CPU.ActiveCfg = Release|Any CPU
		{91CBCA04-01DE-4799-9D7A-2CA258929E4C}.Release|Any CPU.Build.0 = Release|Any CPU
		{861F9668-39D8-4FF8-8C44-98B82CBE0E68}.Debug|Any CPU.ActiveCfg = Debug|Any CPU
		{861F9668-39D8-4FF8-8C44-98B82CBE0E68}.Debug|Any CPU.Build.0 = Debug|Any CPU
		{861F9668-39D8-4FF8-8C44-98B82CBE0E68}.Release|Any CPU.ActiveCfg = Release|Any CPU
		{861F9668-39D8-4FF8-8C44-98B82CBE0E68}.Release|Any CPU.Build.0 = Release|Any CPU
		{AF6E1A4C-B1C0-4143-9483-AFB0871DB4D4}.Debug|Any CPU.ActiveCfg = Debug|Any CPU
		{AF6E1A4C-B1C0-4143-9483-AFB0871DB4D4}.Debug|Any CPU.Build.0 = Debug|Any CPU
		{AF6E1A4C-B1C0-4143-9483-AFB0871DB4D4}.Release|Any CPU.ActiveCfg = Release|Any CPU
		{AF6E1A4C-B1C0-4143-9483-AFB0871DB4D4}.Release|Any CPU.Build.0 = Release|Any CPU
		{B49C4CF3-7F69-431E-A660-00E661E6692B}.Debug|Any CPU.ActiveCfg = Debug|Any CPU
		{B49C4CF3-7F69-431E-A660-00E661E6692B}.Debug|Any CPU.Build.0 = Debug|Any CPU
		{B49C4CF3-7F69-431E-A660-00E661E6692B}.Release|Any CPU.ActiveCfg = Release|Any CPU
		{B49C4CF3-7F69-431E-A660-00E661E6692B}.Release|Any CPU.Build.0 = Release|Any CPU
		{8499935D-429F-4C61-9883-3BBD882689DA}.Debug|Any CPU.ActiveCfg = Debug|Any CPU
		{8499935D-429F-4C61-9883-3BBD882689DA}.Debug|Any CPU.Build.0 = Debug|Any CPU
		{8499935D-429F-4C61-9883-3BBD882689DA}.Release|Any CPU.ActiveCfg = Release|Any CPU
		{8499935D-429F-4C61-9883-3BBD882689DA}.Release|Any CPU.Build.0 = Release|Any CPU
		{26DCB56A-A4FE-464A-BEF8-DDB5176C70B2}.Debug|Any CPU.ActiveCfg = Debug|Any CPU
		{26DCB56A-A4FE-464A-BEF8-DDB5176C70B2}.Debug|Any CPU.Build.0 = Debug|Any CPU
		{26DCB56A-A4FE-464A-BEF8-DDB5176C70B2}.Release|Any CPU.ActiveCfg = Release|Any CPU
		{26DCB56A-A4FE-464A-BEF8-DDB5176C70B2}.Release|Any CPU.Build.0 = Release|Any CPU
		{BBDF1E9E-02A5-4107-AAB3-169E7D97C6D8}.Debug|Any CPU.ActiveCfg = Debug|Any CPU
		{BBDF1E9E-02A5-4107-AAB3-169E7D97C6D8}.Debug|Any CPU.Build.0 = Debug|Any CPU
		{BBDF1E9E-02A5-4107-AAB3-169E7D97C6D8}.Release|Any CPU.ActiveCfg = Release|Any CPU
		{BBDF1E9E-02A5-4107-AAB3-169E7D97C6D8}.Release|Any CPU.Build.0 = Release|Any CPU
		{85E1DCB7-50D5-4F07-9B53-551D5C9807C0}.Debug|Any CPU.ActiveCfg = Debug|Any CPU
		{85E1DCB7-50D5-4F07-9B53-551D5C9807C0}.Debug|Any CPU.Build.0 = Debug|Any CPU
		{85E1DCB7-50D5-4F07-9B53-551D5C9807C0}.Release|Any CPU.ActiveCfg = Release|Any CPU
		{85E1DCB7-50D5-4F07-9B53-551D5C9807C0}.Release|Any CPU.Build.0 = Release|Any CPU
	EndGlobalSection
	GlobalSection(SolutionProperties) = preSolution
		HideSolutionNode = FALSE
	EndGlobalSection
	GlobalSection(NestedProjects) = preSolution
		{0DD457B0-8A1B-4E43-BE24-3AA51CD88E7A} = {FB1D801B-5254-46DA-BBAE-6D6E3E1D4369}
		{C7FD33C9-3FA3-40A6-A89E-38690CF58DD0} = {FB1D801B-5254-46DA-BBAE-6D6E3E1D4369}
		{AB3BD7C9-1303-4372-AA4C-C8308777CD4B} = {FB1D801B-5254-46DA-BBAE-6D6E3E1D4369}
		{F8D5A1E4-9901-41BA-813C-DC5189C2C9C0} = {FB1D801B-5254-46DA-BBAE-6D6E3E1D4369}
		{9B294E68-DB79-4B77-A439-7329D3927C7B} = {FB1D801B-5254-46DA-BBAE-6D6E3E1D4369}
		{B9293C2B-F31A-49E5-8F0D-C946C667BED2} = {FB1D801B-5254-46DA-BBAE-6D6E3E1D4369}
		{EE6D8377-5CAB-449D-AA92-0D4862DCA243} = {FB1D801B-5254-46DA-BBAE-6D6E3E1D4369}
		{470C10F9-99F8-4FE1-AD61-15DE61218B87} = {FB1D801B-5254-46DA-BBAE-6D6E3E1D4369}
		{91CBCA04-01DE-4799-9D7A-2CA258929E4C} = {FB1D801B-5254-46DA-BBAE-6D6E3E1D4369}
		{861F9668-39D8-4FF8-8C44-98B82CBE0E68} = {FB1D801B-5254-46DA-BBAE-6D6E3E1D4369}
		{AF6E1A4C-B1C0-4143-9483-AFB0871DB4D4} = {FB1D801B-5254-46DA-BBAE-6D6E3E1D4369}
		{B49C4CF3-7F69-431E-A660-00E661E6692B} = {FB1D801B-5254-46DA-BBAE-6D6E3E1D4369}
		{8499935D-429F-4C61-9883-3BBD882689DA} = {FB1D801B-5254-46DA-BBAE-6D6E3E1D4369}
		{BBDF1E9E-02A5-4107-AAB3-169E7D97C6D8} = {FB1D801B-5254-46DA-BBAE-6D6E3E1D4369}
		{85E1DCB7-50D5-4F07-9B53-551D5C9807C0} = {FB1D801B-5254-46DA-BBAE-6D6E3E1D4369}
	EndGlobalSection
	GlobalSection(ExtensibilityGlobals) = postSolution
		SolutionGuid = {200C43D7-6EE2-43FD-A8B5-94EE9205CD02}
	EndGlobalSection
EndGlobal
